// !$*UTF8*$!
{
	archiveVersion = 1;
	classes = {
	};
	objectVersion = 46;
	objects = {

/* Begin PBXBuildFile section */
		D772FAB21EB3CCE200E90247 /* AppDelegate.swift in Sources */ = {isa = PBXBuildFile; fileRef = D772FAB11EB3CCE200E90247 /* AppDelegate.swift */; };
		D772FAB41EB3CCE200E90247 /* ViewController.swift in Sources */ = {isa = PBXBuildFile; fileRef = D772FAB31EB3CCE200E90247 /* ViewController.swift */; };
		D772FAB71EB3CCE200E90247 /* Main.storyboard in Resources */ = {isa = PBXBuildFile; fileRef = D772FAB51EB3CCE200E90247 /* Main.storyboard */; };
		D772FAB91EB3CCE200E90247 /* Assets.xcassets in Resources */ = {isa = PBXBuildFile; fileRef = D772FAB81EB3CCE200E90247 /* Assets.xcassets */; };
		D772FABC1EB3CCE200E90247 /* LaunchScreen.storyboard in Resources */ = {isa = PBXBuildFile; fileRef = D772FABA1EB3CCE200E90247 /* LaunchScreen.storyboard */; };
/* End PBXBuildFile section */

/* Begin PBXFileReference section */
		D772FAAE1EB3CCE200E90247 /* Breakout-App.app */ = {isa = PBXFileReference; explicitFileType = wrapper.application; includeInIndex = 0; path = "Breakout-App.app"; sourceTree = BUILT_PRODUCTS_DIR; };
		D772FAB11EB3CCE200E90247 /* AppDelegate.swift */ = {isa = PBXFileReference; lastKnownFileType = sourcecode.swift; path = AppDelegate.swift; sourceTree = "<group>"; };
		D772FAB31EB3CCE200E90247 /* ViewController.swift */ = {isa = PBXFileReference; lastKnownFileType = sourcecode.swift; path = ViewController.swift; sourceTree = "<group>"; wrapsLines = 0; };
		D772FAB61EB3CCE200E90247 /* Base */ = {isa = PBXFileReference; lastKnownFileType = file.storyboard; name = Base; path = Base.lproj/Main.storyboard; sourceTree = "<group>"; };
		D772FAB81EB3CCE200E90247 /* Assets.xcassets */ = {isa = PBXFileReference; lastKnownFileType = folder.assetcatalog; path = Assets.xcassets; sourceTree = "<group>"; };
		D772FABB1EB3CCE200E90247 /* Base */ = {isa = PBXFileReference; lastKnownFileType = file.storyboard; name = Base; path = Base.lproj/LaunchScreen.storyboard; sourceTree = "<group>"; };
		D772FABD1EB3CCE200E90247 /* Info.plist */ = {isa = PBXFileReference; lastKnownFileType = text.plist.xml; path = Info.plist; sourceTree = "<group>"; };
/* End PBXFileReference section */

/* Begin PBXFrameworksBuildPhase section */
		D772FAAB1EB3CCE200E90247 /* Frameworks */ = {
			isa = PBXFrameworksBuildPhase;
			buildActionMask = 2147483647;
			files = (
			);
			runOnlyForDeploymentPostprocessing = 0;
		};
/* End PBXFrameworksBuildPhase section */

/* Begin PBXGroup section */
		D772FAA51EB3CCE200E90247 = {
			isa = PBXGroup;
			children = (
				D772FAB01EB3CCE200E90247 /* Breakout-App */,
				D772FAAF1EB3CCE200E90247 /* Products */,
			);
			sourceTree = "<group>";
		};
		D772FAAF1EB3CCE200E90247 /* Products */ = {
			isa = PBXGroup;
			children = (
				D772FAAE1EB3CCE200E90247 /* Breakout-App.app */,
			);
			name = Products;
			sourceTree = "<group>";
		};
		D772FAB01EB3CCE200E90247 /* Breakout-App */ = {
			isa = PBXGroup;
			children = (
				D772FAB11EB3CCE200E90247 /* AppDelegate.swift */,
				D772FAB31EB3CCE200E90247 /* ViewController.swift */,
				D772FAB51EB3CCE200E90247 /* Main.storyboard */,
				D772FAB81EB3CCE200E90247 /* Assets.xcassets */,
				D772FABA1EB3CCE200E90247 /* LaunchScreen.storyboard */,
				D772FABD1EB3CCE200E90247 /* Info.plist */,
			);
			path = "Breakout-App";
			sourceTree = "<group>";
		};
/* End PBXGroup section */

/* Begin PBXNativeTarget section */
		D772FAAD1EB3CCE200E90247 /* Breakout-App */ = {
			isa = PBXNativeTarget;
			buildConfigurationList = D772FAC01EB3CCE200E90247 /* Build configuration list for PBXNativeTarget "Breakout-App" */;
			buildPhases = (
				D772FAAA1EB3CCE200E90247 /* Sources */,
				D772FAAB1EB3CCE200E90247 /* Frameworks */,
				D772FAAC1EB3CCE200E90247 /* Resources */,
			);
			buildRules = (
			);
			dependencies = (
			);
			name = "Breakout-App";
			productName = "Breakout-App";
			productReference = D772FAAE1EB3CCE200E90247 /* Breakout-App.app */;
			productType = "com.apple.product-type.application";
		};
/* End PBXNativeTarget section */

/* Begin PBXProject section */
		D772FAA61EB3CCE200E90247 /* Project object */ = {
			isa = PBXProject;
			attributes = {
				LastSwiftUpdateCheck = 0830;
				LastUpgradeCheck = 0830;
				ORGANIZATIONNAME = "John Hersey High School";
				TargetAttributes = {
					D772FAAD1EB3CCE200E90247 = {
						CreatedOnToolsVersion = 8.3.2;
						ProvisioningStyle = Automatic;
					};
				};
			};
			buildConfigurationList = D772FAA91EB3CCE200E90247 /* Build configuration list for PBXProject "Breakout-App" */;
			compatibilityVersion = "Xcode 3.2";
			developmentRegion = English;
			hasScannedForEncodings = 0;
			knownRegions = (
				en,
				Base,
			);
			mainGroup = D772FAA51EB3CCE200E90247;
			productRefGroup = D772FAAF1EB3CCE200E90247 /* Products */;
			projectDirPath = "";
			projectRoot = "";
			targets = (
				D772FAAD1EB3CCE200E90247 /* Breakout-App */,
			);
		};
/* End PBXProject section */

/* Begin PBXResourcesBuildPhase section */
		D772FAAC1EB3CCE200E90247 /* Resources */ = {
			isa = PBXResourcesBuildPhase;
			buildActionMask = 2147483647;
			files = (
				D772FABC1EB3CCE200E90247 /* LaunchScreen.storyboard in Resources */,
				D772FAB91EB3CCE200E90247 /* Assets.xcassets in Resources */,
				D772FAB71EB3CCE200E90247 /* Main.storyboard in Resources */,
			);
			runOnlyForDeploymentPostprocessing = 0;
		};
/* End PBXResourcesBuildPhase section */

/* Begin PBXSourcesBuildPhase section */
		D772FAAA1EB3CCE200E90247 /* Sources */ = {
			isa = PBXSourcesBuildPhase;
			buildActionMask = 2147483647;
			files = (
				D772FAB41EB3CCE200E90247 /* ViewController.swift in Sources */,
				D772FAB21EB3CCE200E90247 /* AppDelegate.swift in Sources */,
			);
			runOnlyForDeploymentPostprocessing = 0;
		};
/* End PBXSourcesBuildPhase section */

/* Begin PBXVariantGroup section */
		D772FAB51EB3CCE200E90247 /* Main.storyboard */ = {
			isa = PBXVariantGroup;
			children = (
				D772FAB61EB3CCE200E90247 /* Base */,
			);
			name = Main.storyboard;
			sourceTree = "<group>";
		};
		D772FABA1EB3CCE200E90247 /* LaunchScreen.storyboard */ = {
			isa = PBXVariantGroup;
			children = (
				D772FABB1EB3CCE200E90247 /* Base */,
			);
			name = LaunchScreen.storyboard;
			sourceTree = "<group>";
		};
/* End PBXVariantGroup section */

/* Begin XCBuildConfiguration section */
		D772FABE1EB3CCE200E90247 /* Debug */ = {
			isa = XCBuildConfiguration;
			buildSettings = {
				ALWAYS_SEARCH_USER_PATHS = NO;
				CLANG_ANALYZER_NONNULL = YES;
				CLANG_ANALYZER_NUMBER_OBJECT_CONVERSION = YES_AGGRESSIVE;
				CLANG_CXX_LANGUAGE_STANDARD = "gnu++0x";
				CLANG_CXX_LIBRARY = "libc++";
				CLANG_ENABLE_MODULES = YES;
				CLANG_ENABLE_OBJC_ARC = YES;
				CLANG_WARN_BOOL_CONVERSION = YES;
				CLANG_WARN_CONSTANT_CONVERSION = YES;
				CLANG_WARN_DIRECT_OBJC_ISA_USAGE = YES_ERROR;
				CLANG_WARN_DOCUMENTATION_COMMENTS = YES;
				CLANG_WARN_EMPTY_BODY = YES;
				CLANG_WARN_ENUM_CONVERSION = YES;
				CLANG_WARN_INFINITE_RECURSION = YES;
				CLANG_WARN_INT_CONVERSION = YES;
				CLANG_WARN_OBJC_ROOT_CLASS = YES_ERROR;
				CLANG_WARN_SUSPICIOUS_MOVE = YES;
				CLANG_WARN_UNREACHABLE_CODE = YES;
				CLANG_WARN__DUPLICATE_METHOD_MATCH = YES;
				"CODE_SIGN_IDENTITY[sdk=iphoneos*]" = "iPhone Developer";
				COPY_PHASE_STRIP = NO;
				DEBUG_INFORMATION_FORMAT = dwarf;
				ENABLE_STRICT_OBJC_MSGSEND = YES;
				ENABLE_TESTABILITY = YES;
				GCC_C_LANGUAGE_STANDARD = gnu99;
				GCC_DYNAMIC_NO_PIC = NO;
				GCC_NO_COMMON_BLOCKS = YES;
				GCC_OPTIMIZATION_LEVEL = 0;
				GCC_PREPROCESSOR_DEFINITIONS = (
					"DEBUG=1",
					"$(inherited)",
				);
				GCC_WARN_64_TO_32_BIT_CONVERSION = YES;
				GCC_WARN_ABOUT_RETURN_TYPE = YES_ERROR;
				GCC_WARN_UNDECLARED_SELECTOR = YES;
				GCC_WARN_UNINITIALIZED_AUTOS = YES_AGGRESSIVE;
				GCC_WARN_UNUSED_FUNCTION = YES;
				GCC_WARN_UNUSED_VARIABLE = YES;
				IPHONEOS_DEPLOYMENT_TARGET = 10.3;
				MTL_ENABLE_DEBUG_INFO = YES;
				ONLY_ACTIVE_ARCH = YES;
				SDKROOT = iphoneos;
				SWIFT_ACTIVE_COMPILATION_CONDITIONS = DEBUG;
				SWIFT_OPTIMIZATION_LEVEL = "-Onone";
				TARGETED_DEVICE_FAMILY = "1,2";
			};
			name = Debug;
		};
		D772FABF1EB3CCE200E90247 /* Release */ = {
			isa = XCBuildConfiguration;
			buildSettings = {
				ALWAYS_SEARCH_USER_PATHS = NO;
				CLANG_ANALYZER_NONNULL = YES;
				CLANG_ANALYZER_NUMBER_OBJECT_CONVERSION = YES_AGGRESSIVE;
				CLANG_CXX_LANGUAGE_STANDARD = "gnu++0x";
				CLANG_CXX_LIBRARY = "libc++";
				CLANG_ENABLE_MODULES = YES;
				CLANG_ENABLE_OBJC_ARC = YES;
				CLANG_WARN_BOOL_CONVERSION = YES;
				CLANG_WARN_CONSTANT_CONVERSION = YES;
				CLANG_WARN_DIRECT_OBJC_ISA_USAGE = YES_ERROR;
				CLANG_WARN_DOCUMENTATION_COMMENTS = YES;
				CLANG_WARN_EMPTY_BODY = YES;
				CLANG_WARN_ENUM_CONVERSION = YES;
				CLANG_WARN_INFINITE_RECURSION = YES;
				CLANG_WARN_INT_CONVERSION = YES;
				CLANG_WARN_OBJC_ROOT_CLASS = YES_ERROR;
				CLANG_WARN_SUSPICIOUS_MOVE = YES;
				CLANG_WARN_UNREACHABLE_CODE = YES;
				CLANG_WARN__DUPLICATE_METHOD_MATCH = YES;
				"CODE_SIGN_IDENTITY[sdk=iphoneos*]" = "iPhone Developer";
				COPY_PHASE_STRIP = NO;
				DEBUG_INFORMATION_FORMAT = "dwarf-with-dsym";
				ENABLE_NS_ASSERTIONS = NO;
				ENABLE_STRICT_OBJC_MSGSEND = YES;
				GCC_C_LANGUAGE_STANDARD = gnu99;
				GCC_NO_COMMON_BLOCKS = YES;
				GCC_WARN_64_TO_32_BIT_CONVERSION = YES;
				GCC_WARN_ABOUT_RETURN_TYPE = YES_ERROR;
				GCC_WARN_UNDECLARED_SELECTOR = YES;
				GCC_WARN_UNINITIALIZED_AUTOS = YES_AGGRESSIVE;
				GCC_WARN_UNUSED_FUNCTION = YES;
				GCC_WARN_UNUSED_VARIABLE = YES;
				IPHONEOS_DEPLOYMENT_TARGET = 10.3;
				MTL_ENABLE_DEBUG_INFO = NO;
				SDKROOT = iphoneos;
				SWIFT_OPTIMIZATION_LEVEL = "-Owholemodule";
				TARGETED_DEVICE_FAMILY = "1,2";
				VALIDATE_PRODUCT = YES;
			};
			name = Release;
		};
		D772FAC11EB3CCE200E90247 /* Debug */ = {
			isa = XCBuildConfiguration;
			buildSettings = {
				ASSETCATALOG_COMPILER_APPICON_NAME = AppIcon;
				INFOPLIST_FILE = "Breakout-App/Info.plist";
				LD_RUNPATH_SEARCH_PATHS = "$(inherited) @executable_path/Frameworks";
				PRODUCT_BUNDLE_IDENTIFIER = "org.jhhs620245.Breakout-App";
				PRODUCT_NAME = "$(TARGET_NAME)";
				SWIFT_VERSION = 3.0;
			};
			name = Debug;
		};
		D772FAC21EB3CCE200E90247 /* Release */ = {
			isa = XCBuildConfiguration;
			buildSettings = {
				ASSETCATALOG_COMPILER_APPICON_NAME = AppIcon;
				INFOPLIST_FILE = "Breakout-App/Info.plist";
				LD_RUNPATH_SEARCH_PATHS = "$(inherited) @executable_path/Frameworks";
				PRODUCT_BUNDLE_IDENTIFIER = "org.jhhs620245.Breakout-App";
				PRODUCT_NAME = "$(TARGET_NAME)";
				SWIFT_VERSION = 3.0;
			};
			name = Release;
		};
/* End XCBuildConfiguration section */

/* Begin XCConfigurationList section */
		D772FAA91EB3CCE200E90247 /* Build configuration list for PBXProject "Breakout-App" */ = {
			isa = XCConfigurationList;
			buildConfigurations = (
				D772FABE1EB3CCE200E90247 /* Debug */,
				D772FABF1EB3CCE200E90247 /* Release */,
			);
			defaultConfigurationIsVisible = 0;
			defaultConfigurationName = Release;
		};
		D772FAC01EB3CCE200E90247 /* Build configuration list for PBXNativeTarget "Breakout-App" */ = {
			isa = XCConfigurationList;
			buildConfigurations = (
				D772FAC11EB3CCE200E90247 /* Debug */,
				D772FAC21EB3CCE200E90247 /* Release */,
			);
			defaultConfigurationIsVisible = 0;
			defaultConfigurationName = Release;
		};
/* End XCConfigurationList section */
	};
	rootObject = D772FAA61EB3CCE200E90247 /* Project object */;
}
